
Microsoft Visual Studio Solution File, Format Version 12.00
# Visual Studio Version 16
VisualStudioVersion = 16.0.31205.134
MinimumVisualStudioVersion = 10.0.40219.1
Project("{9A19103F-16F7-4668-BE54-9A1E7A4F7556}") = "BobbyHannaKitchens", "BobbyHannaKitchens\BobbyHannaKitchens.csproj", "{A610639D-0A32-45D6-9329-D584D670E73C}"
EndProject
Global
	GlobalSection(SolutionConfigurationPlatforms) = preSolution
		Debug|Any CPU = Debug|Any CPU
		Release|Any CPU = Release|Any CPU
	EndGlobalSection
	GlobalSection(ProjectConfigurationPlatforms) = postSolution
		{A610639D-0A32-45D6-9329-D584D670E73C}.Debug|Any CPU.ActiveCfg = Debug|Any CPU
		{A610639D-0A32-45D6-9329-D584D670E73C}.Debug|Any CPU.Build.0 = Debug|Any CPU
		{A610639D-0A32-45D6-9329-D584D670E73C}.Release|Any CPU.ActiveCfg = Release|Any CPU
		{A610639D-0A32-45D6-9329-D584D670E73C}.Release|Any CPU.Build.0 = Release|Any CPU
	EndGlobalSection
	GlobalSection(SolutionProperties) = preSolution
		HideSolutionNode = FALSE
	EndGlobalSection
	GlobalSection(ExtensibilityGlobals) = postSolution
		SolutionGuid = {B6663613-8A31-494E-9625-FCA70E7EDA5B}
	EndGlobalSection
EndGlobal
